// !$*UTF8*$!
{
	archiveVersion = 1;
	classes = {
	};
	objectVersion = 46;
	objects = {

/* Begin PBXBuildFile section */
		170961381CCD78FE00DC76F5 /* ChartVC.swift in Sources */ = {isa = PBXBuildFile; fileRef = 170961371CCD78FE00DC76F5 /* ChartVC.swift */; };
		172F438C1CC9777000491EA5 /* Time.swift in Sources */ = {isa = PBXBuildFile; fileRef = 172F438B1CC9777000491EA5 /* Time.swift */; };
		172F438E1CC9DD6E00491EA5 /* materialView.swift in Sources */ = {isa = PBXBuildFile; fileRef = 172F438D1CC9DD6E00491EA5 /* materialView.swift */; };
		172F43911CC9DD7E00491EA5 /* materialButton.swift in Sources */ = {isa = PBXBuildFile; fileRef = 172F438F1CC9DD7E00491EA5 /* materialButton.swift */; };
		172F43921CC9DD7E00491EA5 /* materialTextFeild.swift in Sources */ = {isa = PBXBuildFile; fileRef = 172F43901CC9DD7E00491EA5 /* materialTextFeild.swift */; };
		172F43941CC9DF7000491EA5 /* materialLabel.swift in Sources */ = {isa = PBXBuildFile; fileRef = 172F43931CC9DF7000491EA5 /* materialLabel.swift */; };
		176861971CAC6035006145EA /* PlantCell.swift in Sources */ = {isa = PBXBuildFile; fileRef = 176861961CAC6035006145EA /* PlantCell.swift */; };
		176861991CAC62E8006145EA /* Plant.swift in Sources */ = {isa = PBXBuildFile; fileRef = 176861981CAC62E8006145EA /* Plant.swift */; };
		1768619F1CB84EC6006145EA /* Date.swift in Sources */ = {isa = PBXBuildFile; fileRef = 1768619E1CB84EC6006145EA /* Date.swift */; };
		176861A31CBD3B2F006145EA /* DetailVC.swift in Sources */ = {isa = PBXBuildFile; fileRef = 176861A21CBD3B2F006145EA /* DetailVC.swift */; };
		1790E18B1C6C4C5B009231A8 /* AppDelegate.swift in Sources */ = {isa = PBXBuildFile; fileRef = 1790E18A1C6C4C5B009231A8 /* AppDelegate.swift */; };
		1790E18D1C6C4C5B009231A8 /* ViewController.swift in Sources */ = {isa = PBXBuildFile; fileRef = 1790E18C1C6C4C5B009231A8 /* ViewController.swift */; };
		1790E1901C6C4C5B009231A8 /* Main.storyboard in Resources */ = {isa = PBXBuildFile; fileRef = 1790E18E1C6C4C5B009231A8 /* Main.storyboard */; };
		1790E1921C6C4C5B009231A8 /* Assets.xcassets in Resources */ = {isa = PBXBuildFile; fileRef = 1790E1911C6C4C5B009231A8 /* Assets.xcassets */; };
		1790E1951C6C4C5B009231A8 /* LaunchScreen.storyboard in Resources */ = {isa = PBXBuildFile; fileRef = 1790E1931C6C4C5B009231A8 /* LaunchScreen.storyboard */; };
		1790E19D1C6C4D1A009231A8 /* HomeVC.swift in Sources */ = {isa = PBXBuildFile; fileRef = 1790E19C1C6C4D1A009231A8 /* HomeVC.swift */; };
		1790E19F1C6C52F5009231A8 /* Util.swift in Sources */ = {isa = PBXBuildFile; fileRef = 1790E19E1C6C52F5009231A8 /* Util.swift */; };
		179855481C6DAA7A00DD523F /* SWRevealViewController.m in Sources */ = {isa = PBXBuildFile; fileRef = 179855471C6DAA7A00DD523F /* SWRevealViewController.m */; };
		1798554A1C6DABE400DD523F /* MenuVC.swift in Sources */ = {isa = PBXBuildFile; fileRef = 179855491C6DABE400DD523F /* MenuVC.swift */; };
		1798554C1C6DB38C00DD523F /* SideOneVC.swift in Sources */ = {isa = PBXBuildFile; fileRef = 1798554B1C6DB38C00DD523F /* SideOneVC.swift */; };
		1798554E1C6DC8A300DD523F /* SideTwoVC.swift in Sources */ = {isa = PBXBuildFile; fileRef = 1798554D1C6DC8A300DD523F /* SideTwoVC.swift */; };
		179855501C6DC8C400DD523F /* SideThreeVC.swift in Sources */ = {isa = PBXBuildFile; fileRef = 1798554F1C6DC8C400DD523F /* SideThreeVC.swift */; };
		179855561C6DD28500DD523F /* AddPlantVC.swift in Sources */ = {isa = PBXBuildFile; fileRef = 179855551C6DD28500DD523F /* AddPlantVC.swift */; };
		F9772B6F9709438E8701452F /* Pods_Let_It_Grow.framework in Frameworks */ = {isa = PBXBuildFile; fileRef = A3B994B5263456734DDBA57E /* Pods_Let_It_Grow.framework */; };
/* End PBXBuildFile section */

/* Begin PBXFileReference section */
		170961371CCD78FE00DC76F5 /* ChartVC.swift */ = {isa = PBXFileReference; fileEncoding = 4; lastKnownFileType = sourcecode.swift; path = ChartVC.swift; sourceTree = "<group>"; };
		172F438B1CC9777000491EA5 /* Time.swift */ = {isa = PBXFileReference; fileEncoding = 4; lastKnownFileType = sourcecode.swift; path = Time.swift; sourceTree = "<group>"; };
		172F438D1CC9DD6E00491EA5 /* materialView.swift */ = {isa = PBXFileReference; fileEncoding = 4; lastKnownFileType = sourcecode.swift; path = materialView.swift; sourceTree = "<group>"; };
		172F438F1CC9DD7E00491EA5 /* materialButton.swift */ = {isa = PBXFileReference; fileEncoding = 4; lastKnownFileType = sourcecode.swift; path = materialButton.swift; sourceTree = "<group>"; };
		172F43901CC9DD7E00491EA5 /* materialTextFeild.swift */ = {isa = PBXFileReference; fileEncoding = 4; lastKnownFileType = sourcecode.swift; path = materialTextFeild.swift; sourceTree = "<group>"; };
		172F43931CC9DF7000491EA5 /* materialLabel.swift */ = {isa = PBXFileReference; fileEncoding = 4; lastKnownFileType = sourcecode.swift; path = materialLabel.swift; sourceTree = "<group>"; };
		176861961CAC6035006145EA /* PlantCell.swift */ = {isa = PBXFileReference; fileEncoding = 4; lastKnownFileType = sourcecode.swift; path = PlantCell.swift; sourceTree = "<group>"; };
		176861981CAC62E8006145EA /* Plant.swift */ = {isa = PBXFileReference; fileEncoding = 4; lastKnownFileType = sourcecode.swift; path = Plant.swift; sourceTree = "<group>"; };
		1768619E1CB84EC6006145EA /* Date.swift */ = {isa = PBXFileReference; fileEncoding = 4; lastKnownFileType = sourcecode.swift; path = Date.swift; sourceTree = "<group>"; };
		176861A21CBD3B2F006145EA /* DetailVC.swift */ = {isa = PBXFileReference; fileEncoding = 4; lastKnownFileType = sourcecode.swift; path = DetailVC.swift; sourceTree = "<group>"; };
		1790E1871C6C4C5B009231A8 /* Let It Grow.app */ = {isa = PBXFileReference; explicitFileType = wrapper.application; includeInIndex = 0; path = "Let It Grow.app"; sourceTree = BUILT_PRODUCTS_DIR; };
		1790E18A1C6C4C5B009231A8 /* AppDelegate.swift */ = {isa = PBXFileReference; lastKnownFileType = sourcecode.swift; path = AppDelegate.swift; sourceTree = "<group>"; };
		1790E18C1C6C4C5B009231A8 /* ViewController.swift */ = {isa = PBXFileReference; lastKnownFileType = sourcecode.swift; path = ViewController.swift; sourceTree = "<group>"; };
		1790E18F1C6C4C5B009231A8 /* Base */ = {isa = PBXFileReference; lastKnownFileType = file.storyboard; name = Base; path = Base.lproj/Main.storyboard; sourceTree = "<group>"; };
		1790E1911C6C4C5B009231A8 /* Assets.xcassets */ = {isa = PBXFileReference; lastKnownFileType = folder.assetcatalog; path = Assets.xcassets; sourceTree = "<group>"; };
		1790E1941C6C4C5B009231A8 /* Base */ = {isa = PBXFileReference; lastKnownFileType = file.storyboard; name = Base; path = Base.lproj/LaunchScreen.storyboard; sourceTree = "<group>"; };
		1790E1961C6C4C5B009231A8 /* Info.plist */ = {isa = PBXFileReference; lastKnownFileType = text.plist.xml; path = Info.plist; sourceTree = "<group>"; };
		1790E19C1C6C4D1A009231A8 /* HomeVC.swift */ = {isa = PBXFileReference; fileEncoding = 4; lastKnownFileType = sourcecode.swift; path = HomeVC.swift; sourceTree = "<group>"; };
		1790E19E1C6C52F5009231A8 /* Util.swift */ = {isa = PBXFileReference; fileEncoding = 4; lastKnownFileType = sourcecode.swift; path = Util.swift; sourceTree = "<group>"; };
		179855451C6DAA7900DD523F /* Let It Grow-Bridging-Header.h */ = {isa = PBXFileReference; lastKnownFileType = sourcecode.c.h; path = "Let It Grow-Bridging-Header.h"; sourceTree = "<group>"; };
		179855461C6DAA7A00DD523F /* SWRevealViewController.h */ = {isa = PBXFileReference; fileEncoding = 4; lastKnownFileType = sourcecode.c.h; path = SWRevealViewController.h; sourceTree = "<group>"; };
		179855471C6DAA7A00DD523F /* SWRevealViewController.m */ = {isa = PBXFileReference; fileEncoding = 4; lastKnownFileType = sourcecode.c.objc; path = SWRevealViewController.m; sourceTree = "<group>"; };
		179855491C6DABE400DD523F /* MenuVC.swift */ = {isa = PBXFileReference; fileEncoding = 4; lastKnownFileType = sourcecode.swift; path = MenuVC.swift; sourceTree = "<group>"; };
		1798554B1C6DB38C00DD523F /* SideOneVC.swift */ = {isa = PBXFileReference; fileEncoding = 4; lastKnownFileType = sourcecode.swift; path = SideOneVC.swift; sourceTree = "<group>"; };
		1798554D1C6DC8A300DD523F /* SideTwoVC.swift */ = {isa = PBXFileReference; fileEncoding = 4; lastKnownFileType = sourcecode.swift; path = SideTwoVC.swift; sourceTree = "<group>"; };
		1798554F1C6DC8C400DD523F /* SideThreeVC.swift */ = {isa = PBXFileReference; fileEncoding = 4; lastKnownFileType = sourcecode.swift; path = SideThreeVC.swift; sourceTree = "<group>"; };
		179855551C6DD28500DD523F /* AddPlantVC.swift */ = {isa = PBXFileReference; fileEncoding = 4; lastKnownFileType = sourcecode.swift; path = AddPlantVC.swift; sourceTree = "<group>"; };
		5104ED4A498A0A10CEC41376 /* Pods-Let It Grow.debug.xcconfig */ = {isa = PBXFileReference; includeInIndex = 1; lastKnownFileType = text.xcconfig; name = "Pods-Let It Grow.debug.xcconfig"; path = "Pods/Target Support Files/Pods-Let It Grow/Pods-Let It Grow.debug.xcconfig"; sourceTree = "<group>"; };
		A3B994B5263456734DDBA57E /* Pods_Let_It_Grow.framework */ = {isa = PBXFileReference; explicitFileType = wrapper.framework; includeInIndex = 0; path = Pods_Let_It_Grow.framework; sourceTree = BUILT_PRODUCTS_DIR; };
		CEAF7EA90C4AF92C05CE4D98 /* Pods-Let It Grow.release.xcconfig */ = {isa = PBXFileReference; includeInIndex = 1; lastKnownFileType = text.xcconfig; name = "Pods-Let It Grow.release.xcconfig"; path = "Pods/Target Support Files/Pods-Let It Grow/Pods-Let It Grow.release.xcconfig"; sourceTree = "<group>"; };
/* End PBXFileReference section */

/* Begin PBXFrameworksBuildPhase section */
		1790E1841C6C4C5B009231A8 /* Frameworks */ = {
			isa = PBXFrameworksBuildPhase;
			buildActionMask = 2147483647;
			files = (
				F9772B6F9709438E8701452F /* Pods_Let_It_Grow.framework in Frameworks */,
			);
			runOnlyForDeploymentPostprocessing = 0;
		};
/* End PBXFrameworksBuildPhase section */

/* Begin PBXGroup section */
		1790E17E1C6C4C5B009231A8 = {
			isa = PBXGroup;
			children = (
				1790E1891C6C4C5B009231A8 /* Let It Grow */,
				1790E1881C6C4C5B009231A8 /* Products */,
				468D57583D426FF55190997A /* Pods */,
				A7EB3E0DEBB7649812573A91 /* Frameworks */,
			);
			sourceTree = "<group>";
		};
		1790E1881C6C4C5B009231A8 /* Products */ = {
			isa = PBXGroup;
			children = (
				1790E1871C6C4C5B009231A8 /* Let It Grow.app */,
			);
			name = Products;
			sourceTree = "<group>";
		};
		1790E1891C6C4C5B009231A8 /* Let It Grow */ = {
			isa = PBXGroup;
			children = (
				179855541C6DCB4100DD523F /* Util */,
				179855511C6DCB0700DD523F /* Model */,
				179855521C6DCB0D00DD523F /* View */,
				179855531C6DCB1300DD523F /* Controller */,
				1790E18A1C6C4C5B009231A8 /* AppDelegate.swift */,
				1790E1911C6C4C5B009231A8 /* Assets.xcassets */,
				1790E1961C6C4C5B009231A8 /* Info.plist */,
			);
			path = "Let It Grow";
			sourceTree = "<group>";
		};
		179855441C6DAA5D00DD523F /* SWRevealViewController */ = {
			isa = PBXGroup;
			children = (
				179855461C6DAA7A00DD523F /* SWRevealViewController.h */,
				179855471C6DAA7A00DD523F /* SWRevealViewController.m */,
				179855451C6DAA7900DD523F /* Let It Grow-Bridging-Header.h */,
			);
			name = SWRevealViewController;
			sourceTree = "<group>";
		};
		179855511C6DCB0700DD523F /* Model */ = {
			isa = PBXGroup;
			children = (
				176861981CAC62E8006145EA /* Plant.swift */,
				1768619E1CB84EC6006145EA /* Date.swift */,
				172F438B1CC9777000491EA5 /* Time.swift */,
			);
			name = Model;
			sourceTree = "<group>";
		};
		179855521C6DCB0D00DD523F /* View */ = {
			isa = PBXGroup;
			children = (
				1790E18E1C6C4C5B009231A8 /* Main.storyboard */,
				1790E1931C6C4C5B009231A8 /* LaunchScreen.storyboard */,
				176861961CAC6035006145EA /* PlantCell.swift */,
				172F438D1CC9DD6E00491EA5 /* materialView.swift */,
				172F438F1CC9DD7E00491EA5 /* materialButton.swift */,
				172F43931CC9DF7000491EA5 /* materialLabel.swift */,
				172F43901CC9DD7E00491EA5 /* materialTextFeild.swift */,
			);
			name = View;
			sourceTree = "<group>";
		};
		179855531C6DCB1300DD523F /* Controller */ = {
			isa = PBXGroup;
			children = (
				1790E18C1C6C4C5B009231A8 /* ViewController.swift */,
				1790E19C1C6C4D1A009231A8 /* HomeVC.swift */,
				179855491C6DABE400DD523F /* MenuVC.swift */,
				1798554B1C6DB38C00DD523F /* SideOneVC.swift */,
				1798554D1C6DC8A300DD523F /* SideTwoVC.swift */,
				1798554F1C6DC8C400DD523F /* SideThreeVC.swift */,
				179855551C6DD28500DD523F /* AddPlantVC.swift */,
				176861A21CBD3B2F006145EA /* DetailVC.swift */,
				170961371CCD78FE00DC76F5 /* ChartVC.swift */,
				179855441C6DAA5D00DD523F /* SWRevealViewController */,
			);
			name = Controller;
			sourceTree = "<group>";
		};
		179855541C6DCB4100DD523F /* Util */ = {
			isa = PBXGroup;
			children = (
				1790E19E1C6C52F5009231A8 /* Util.swift */,
			);
			name = Util;
			sourceTree = "<group>";
		};
		468D57583D426FF55190997A /* Pods */ = {
			isa = PBXGroup;
			children = (
				5104ED4A498A0A10CEC41376 /* Pods-Let It Grow.debug.xcconfig */,
				CEAF7EA90C4AF92C05CE4D98 /* Pods-Let It Grow.release.xcconfig */,
			);
			name = Pods;
			sourceTree = "<group>";
		};
		A7EB3E0DEBB7649812573A91 /* Frameworks */ = {
			isa = PBXGroup;
			children = (
				A3B994B5263456734DDBA57E /* Pods_Let_It_Grow.framework */,
			);
			name = Frameworks;
			sourceTree = "<group>";
		};
/* End PBXGroup section */

/* Begin PBXNativeTarget section */
		1790E1861C6C4C5B009231A8 /* Let It Grow */ = {
			isa = PBXNativeTarget;
			buildConfigurationList = 1790E1991C6C4C5B009231A8 /* Build configuration list for PBXNativeTarget "Let It Grow" */;
			buildPhases = (
				5C904179CACBDBBDBDC54EB5 /* Check Pods Manifest.lock */,
				1790E1831C6C4C5B009231A8 /* Sources */,
				1790E1841C6C4C5B009231A8 /* Frameworks */,
				1790E1851C6C4C5B009231A8 /* Resources */,
				3B7736AB2A3AA01212CD5C12 /* Embed Pods Frameworks */,
				5417D9DCBD58EDB0A91EB5C1 /* Copy Pods Resources */,
			);
			buildRules = (
			);
			dependencies = (
			);
			name = "Let It Grow";
			productName = "Let It Grow";
			productReference = 1790E1871C6C4C5B009231A8 /* Let It Grow.app */;
			productType = "com.apple.product-type.application";
		};
/* End PBXNativeTarget section */

/* Begin PBXProject section */
		1790E17F1C6C4C5B009231A8 /* Project object */ = {
			isa = PBXProject;
			attributes = {
				LastSwiftUpdateCheck = 0720;
				LastUpgradeCheck = 0720;
				ORGANIZATIONNAME = "shengxiang guo";
				TargetAttributes = {
					1790E1861C6C4C5B009231A8 = {
						CreatedOnToolsVersion = 7.2;
						DevelopmentTeam = DU9G3P44M7;
					};
				};
			};
			buildConfigurationList = 1790E1821C6C4C5B009231A8 /* Build configuration list for PBXProject "Let It Grow" */;
			compatibilityVersion = "Xcode 3.2";
			developmentRegion = English;
			hasScannedForEncodings = 0;
			knownRegions = (
				en,
				Base,
			);
			mainGroup = 1790E17E1C6C4C5B009231A8;
			productRefGroup = 1790E1881C6C4C5B009231A8 /* Products */;
			projectDirPath = "";
			projectRoot = "";
			targets = (
				1790E1861C6C4C5B009231A8 /* Let It Grow */,
			);
		};
/* End PBXProject section */

/* Begin PBXResourcesBuildPhase section */
		1790E1851C6C4C5B009231A8 /* Resources */ = {
			isa = PBXResourcesBuildPhase;
			buildActionMask = 2147483647;
			files = (
				1790E1951C6C4C5B009231A8 /* LaunchScreen.storyboard in Resources */,
				1790E1921C6C4C5B009231A8 /* Assets.xcassets in Resources */,
				1790E1901C6C4C5B009231A8 /* Main.storyboard in Resources */,
			);
			runOnlyForDeploymentPostprocessing = 0;
		};
/* End PBXResourcesBuildPhase section */

/* Begin PBXShellScriptBuildPhase section */
		3B7736AB2A3AA01212CD5C12 /* Embed Pods Frameworks */ = {
			isa = PBXShellScriptBuildPhase;
			buildActionMask = 2147483647;
			files = (
			);
			inputPaths = (
			);
			name = "Embed Pods Frameworks";
			outputPaths = (
			);
			runOnlyForDeploymentPostprocessing = 0;
			shellPath = /bin/sh;
			shellScript = "\"${SRCROOT}/Pods/Target Support Files/Pods-Let It Grow/Pods-Let It Grow-frameworks.sh\"\n";
			showEnvVarsInLog = 0;
		};
		5417D9DCBD58EDB0A91EB5C1 /* Copy Pods Resources */ = {
			isa = PBXShellScriptBuildPhase;
			buildActionMask = 2147483647;
			files = (
			);
			inputPaths = (
			);
			name = "Copy Pods Resources";
			outputPaths = (
			);
			runOnlyForDeploymentPostprocessing = 0;
			shellPath = /bin/sh;
			shellScript = "\"${SRCROOT}/Pods/Target Support Files/Pods-Let It Grow/Pods-Let It Grow-resources.sh\"\n";
			showEnvVarsInLog = 0;
		};
		5C904179CACBDBBDBDC54EB5 /* Check Pods Manifest.lock */ = {
			isa = PBXShellScriptBuildPhase;
			buildActionMask = 2147483647;
			files = (
			);
			inputPaths = (
			);
			name = "Check Pods Manifest.lock";
			outputPaths = (
			);
			runOnlyForDeploymentPostprocessing = 0;
			shellPath = /bin/sh;
			shellScript = "diff \"${PODS_ROOT}/../Podfile.lock\" \"${PODS_ROOT}/Manifest.lock\" > /dev/null\nif [[ $? != 0 ]] ; then\n    cat << EOM\nerror: The sandbox is not in sync with the Podfile.lock. Run 'pod install' or update your CocoaPods installation.\nEOM\n    exit 1\nfi\n";
			showEnvVarsInLog = 0;
		};
/* End PBXShellScriptBuildPhase section */

/* Begin PBXSourcesBuildPhase section */
		1790E1831C6C4C5B009231A8 /* Sources */ = {
			isa = PBXSourcesBuildPhase;
			buildActionMask = 2147483647;
			files = (
				179855501C6DC8C400DD523F /* SideThreeVC.swift in Sources */,
				176861991CAC62E8006145EA /* Plant.swift in Sources */,
				1790E19D1C6C4D1A009231A8 /* HomeVC.swift in Sources */,
				1790E18D1C6C4C5B009231A8 /* ViewController.swift in Sources */,
				1798554E1C6DC8A300DD523F /* SideTwoVC.swift in Sources */,
				176861971CAC6035006145EA /* PlantCell.swift in Sources */,
				179855561C6DD28500DD523F /* AddPlantVC.swift in Sources */,
				172F43911CC9DD7E00491EA5 /* materialButton.swift in Sources */,
				172F438E1CC9DD6E00491EA5 /* materialView.swift in Sources */,
				179855481C6DAA7A00DD523F /* SWRevealViewController.m in Sources */,
				1798554C1C6DB38C00DD523F /* SideOneVC.swift in Sources */,
				1790E18B1C6C4C5B009231A8 /* AppDelegate.swift in Sources */,
				1790E19F1C6C52F5009231A8 /* Util.swift in Sources */,
				1768619F1CB84EC6006145EA /* Date.swift in Sources */,
				172F43941CC9DF7000491EA5 /* materialLabel.swift in Sources */,
				172F438C1CC9777000491EA5 /* Time.swift in Sources */,
				1798554A1C6DABE400DD523F /* MenuVC.swift in Sources */,
				172F43921CC9DD7E00491EA5 /* materialTextFeild.swift in Sources */,
				176861A31CBD3B2F006145EA /* DetailVC.swift in Sources */,
				170961381CCD78FE00DC76F5 /* ChartVC.swift in Sources */,
			);
			runOnlyForDeploymentPostprocessing = 0;
		};
/* End PBXSourcesBuildPhase section */

/* Begin PBXVariantGroup section */
		1790E18E1C6C4C5B009231A8 /* Main.storyboard */ = {
			isa = PBXVariantGroup;
			children = (
				1790E18F1C6C4C5B009231A8 /* Base */,
			);
			name = Main.storyboard;
			sourceTree = "<group>";
		};
		1790E1931C6C4C5B009231A8 /* LaunchScreen.storyboard */ = {
			isa = PBXVariantGroup;
			children = (
				1790E1941C6C4C5B009231A8 /* Base */,
			);
			name = LaunchScreen.storyboard;
			sourceTree = "<group>";
		};
/* End PBXVariantGroup section */

/* Begin XCBuildConfiguration section */
		1790E1971C6C4C5B009231A8 /* Debug */ = {
			isa = XCBuildConfiguration;
			buildSettings = {
				ALWAYS_SEARCH_USER_PATHS = NO;
				CLANG_CXX_LANGUAGE_STANDARD = "gnu++0x";
				CLANG_CXX_LIBRARY = "libc++";
				CLANG_ENABLE_MODULES = YES;
				CLANG_ENABLE_OBJC_ARC = YES;
				CLANG_WARN_BOOL_CONVERSION = YES;
				CLANG_WARN_CONSTANT_CONVERSION = YES;
				CLANG_WARN_DIRECT_OBJC_ISA_USAGE = YES_ERROR;
				CLANG_WARN_EMPTY_BODY = YES;
				CLANG_WARN_ENUM_CONVERSION = YES;
				CLANG_WARN_INT_CONVERSION = YES;
				CLANG_WARN_OBJC_ROOT_CLASS = YES_ERROR;
				CLANG_WARN_UNREACHABLE_CODE = YES;
				CLANG_WARN__DUPLICATE_METHOD_MATCH = YES;
				"CODE_SIGN_IDENTITY[sdk=iphoneos*]" = "iPhone Developer";
				COPY_PHASE_STRIP = NO;
				DEBUG_INFORMATION_FORMAT = dwarf;
				ENABLE_STRICT_OBJC_MSGSEND = YES;
				ENABLE_TESTABILITY = YES;
				GCC_C_LANGUAGE_STANDARD = gnu99;
				GCC_DYNAMIC_NO_PIC = NO;
				GCC_NO_COMMON_BLOCKS = YES;
				GCC_OPTIMIZATION_LEVEL = 0;
				GCC_PREPROCESSOR_DEFINITIONS = (
					"DEBUG=1",
					"$(inherited)",
				);
				GCC_WARN_64_TO_32_BIT_CONVERSION = YES;
				GCC_WARN_ABOUT_RETURN_TYPE = YES_ERROR;
				GCC_WARN_UNDECLARED_SELECTOR = YES;
				GCC_WARN_UNINITIALIZED_AUTOS = YES_AGGRESSIVE;
				GCC_WARN_UNUSED_FUNCTION = YES;
				GCC_WARN_UNUSED_VARIABLE = YES;
				IPHONEOS_DEPLOYMENT_TARGET = 9.0;
				MTL_ENABLE_DEBUG_INFO = YES;
				ONLY_ACTIVE_ARCH = YES;
				SDKROOT = iphoneos;
				SWIFT_OPTIMIZATION_LEVEL = "-Onone";
				TARGETED_DEVICE_FAMILY = "1,2";
			};
			name = Debug;
		};
		1790E1981C6C4C5B009231A8 /* Release */ = {
			isa = XCBuildConfiguration;
			buildSettings = {
				ALWAYS_SEARCH_USER_PATHS = NO;
				CLANG_CXX_LANGUAGE_STANDARD = "gnu++0x";
				CLANG_CXX_LIBRARY = "libc++";
				CLANG_ENABLE_MODULES = YES;
				CLANG_ENABLE_OBJC_ARC = YES;
				CLANG_WARN_BOOL_CONVERSION = YES;
				CLANG_WARN_CONSTANT_CONVERSION = YES;
				CLANG_WARN_DIRECT_OBJC_ISA_USAGE = YES_ERROR;
				CLANG_WARN_EMPTY_BODY = YES;
				CLANG_WARN_ENUM_CONVERSION = YES;
				CLANG_WARN_INT_CONVERSION = YES;
				CLANG_WARN_OBJC_ROOT_CLASS = YES_ERROR;
				CLANG_WARN_UNREACHABLE_CODE = YES;
				CLANG_WARN__DUPLICATE_METHOD_MATCH = YES;
				"CODE_SIGN_IDENTITY[sdk=iphoneos*]" = "iPhone Developer";
				COPY_PHASE_STRIP = NO;
				DEBUG_INFORMATION_FORMAT = "dwarf-with-dsym";
				ENABLE_NS_ASSERTIONS = NO;
				ENABLE_STRICT_OBJC_MSGSEND = YES;
				GCC_C_LANGUAGE_STANDARD = gnu99;
				GCC_NO_COMMON_BLOCKS = YES;
				GCC_WARN_64_TO_32_BIT_CONVERSION = YES;
				GCC_WARN_ABOUT_RETURN_TYPE = YES_ERROR;
				GCC_WARN_UNDECLARED_SELECTOR = YES;
				GCC_WARN_UNINITIALIZED_AUTOS = YES_AGGRESSIVE;
				GCC_WARN_UNUSED_FUNCTION = YES;
				GCC_WARN_UNUSED_VARIABLE = YES;
				IPHONEOS_DEPLOYMENT_TARGET = 9.0;
				MTL_ENABLE_DEBUG_INFO = NO;
				SDKROOT = iphoneos;
				TARGETED_DEVICE_FAMILY = "1,2";
				VALIDATE_PRODUCT = YES;
			};
			name = Release;
		};
		1790E19A1C6C4C5B009231A8 /* Debug */ = {
			isa = XCBuildConfiguration;
			baseConfigurationReference = 5104ED4A498A0A10CEC41376 /* Pods-Let It Grow.debug.xcconfig */;
			buildSettings = {
				ASSETCATALOG_COMPILER_APPICON_NAME = AppIcon;
				CLANG_ENABLE_MODULES = YES;
				CODE_SIGN_IDENTITY = "iPhone Developer";
				"CODE_SIGN_IDENTITY[sdk=iphoneos*]" = "iPhone Developer";
				INFOPLIST_FILE = "Let It Grow/Info.plist";
				IPHONEOS_DEPLOYMENT_TARGET = 9.0;
				LD_RUNPATH_SEARCH_PATHS = "$(inherited) @executable_path/Frameworks";
				PRODUCT_BUNDLE_IDENTIFIER = "com.shengxiang.Let-It-Grow";
				PRODUCT_NAME = "$(TARGET_NAME)";
				PROVISIONING_PROFILE = "";
				SWIFT_OBJC_BRIDGING_HEADER = "Let It Grow/Let It Grow-Bridging-Header.h";
				SWIFT_OPTIMIZATION_LEVEL = "-Onone";
			};
			name = Debug;
		};
		1790E19B1C6C4C5B009231A8 /* Release */ = {
			isa = XCBuildConfiguration;
			baseConfigurationReference = CEAF7EA90C4AF92C05CE4D98 /* Pods-Let It Grow.release.xcconfig */;
			buildSettings = {
				ASSETCATALOG_COMPILER_APPICON_NAME = AppIcon;
				CLANG_ENABLE_MODULES = YES;
				CODE_SIGN_IDENTITY = "iPhone Developer";
				"CODE_SIGN_IDENTITY[sdk=iphoneos*]" = "iPhone Developer";
				INFOPLIST_FILE = "Let It Grow/Info.plist";
				IPHONEOS_DEPLOYMENT_TARGET = 9.0;
				LD_RUNPATH_SEARCH_PATHS = "$(inherited) @executable_path/Frameworks";
				PRODUCT_BUNDLE_IDENTIFIER = "com.shengxiang.Let-It-Grow";
				PRODUCT_NAME = "$(TARGET_NAME)";
				PROVISIONING_PROFILE = "";
				SWIFT_OBJC_BRIDGING_HEADER = "Let It Grow/Let It Grow-Bridging-Header.h";
			};
			name = Release;
		};
/* End XCBuildConfiguration section */

/* Begin XCConfigurationList section */
		1790E1821C6C4C5B009231A8 /* Build configuration list for PBXProject "Let It Grow" */ = {
			isa = XCConfigurationList;
			buildConfigurations = (
				1790E1971C6C4C5B009231A8 /* Debug */,
				1790E1981C6C4C5B009231A8 /* Release */,
			);
			defaultConfigurationIsVisible = 0;
			defaultConfigurationName = Release;
		};
		1790E1991C6C4C5B009231A8 /* Build configuration list for PBXNativeTarget "Let It Grow" */ = {
			isa = XCConfigurationList;
			buildConfigurations = (
				1790E19A1C6C4C5B009231A8 /* Debug */,
				1790E19B1C6C4C5B009231A8 /* Release */,
			);
			defaultConfigurationIsVisible = 0;
			defaultConfigurationName = Release;
		};
/* End XCConfigurationList section */
	};
	rootObject = 1790E17F1C6C4C5B009231A8 /* Project object */;
}
